
Microsoft Visual Studio Solution File, Format Version 12.00
# Visual Studio Version 16
VisualStudioVersion = 16.0.29613.14
MinimumVisualStudioVersion = 10.0.40219.1
Project("{FAE04EC0-301F-11D3-BF4B-00C04F79EFBC}") = "USCIS_Case_Batch_Query", "USCIS_Case_Batch_Query\USCIS_Case_Batch_Query.csproj", "{CBA799E5-D4AE-47C5-A2B9-A730D6333B8E}"
EndProject
Global
	GlobalSection(SolutionConfigurationPlatforms) = preSolution
		Debug|Any CPU = Debug|Any CPU
		Release|Any CPU = Release|Any CPU
	EndGlobalSection
	GlobalSection(ProjectConfigurationPlatforms) = postSolution
		{CBA799E5-D4AE-47C5-A2B9-A730D6333B8E}.Debug|Any CPU.ActiveCfg = Debug|Any CPU
		{CBA799E5-D4AE-47C5-A2B9-A730D6333B8E}.Debug|Any CPU.Build.0 = Debug|Any CPU
		{CBA799E5-D4AE-47C5-A2B9-A730D6333B8E}.Release|Any CPU.ActiveCfg = Release|Any CPU
		{CBA799E5-D4AE-47C5-A2B9-A730D6333B8E}.Release|Any CPU.Build.0 = Release|Any CPU
	EndGlobalSection
	GlobalSection(SolutionProperties) = preSolution
		HideSolutionNode = FALSE
	EndGlobalSection
	GlobalSection(ExtensibilityGlobals) = postSolution
		SolutionGuid = {57D4DE2A-F6E2-4229-A654-D7E0291E1062}
	EndGlobalSection
EndGlobal
